// !$*UTF8*$!
{
	archiveVersion = 1;
	classes = {
	};
	objectVersion = 51;
	objects = {

/* Begin PBXBuildFile section */
		C357224A22FE090300B39242 /* AppDelegate.swift in Sources */ = {isa = PBXBuildFile; fileRef = C357224922FE090300B39242 /* AppDelegate.swift */; };
		C357224C22FE090300B39242 /* Assets.xcassets in Resources */ = {isa = PBXBuildFile; fileRef = C357224B22FE090300B39242 /* Assets.xcassets */; };
		C357224F22FE090300B39242 /* MainMenu.xib in Resources */ = {isa = PBXBuildFile; fileRef = C357224D22FE090300B39242 /* MainMenu.xib */; };
		C357225822FE0A1200B39242 /* AppMain.swift in Sources */ = {isa = PBXBuildFile; fileRef = C357225722FE0A1200B39242 /* AppMain.swift */; };
		C35EDAC922FEDDDF00CB784E /* Hook.swift in Sources */ = {isa = PBXBuildFile; fileRef = C35EDAC822FEDDDF00CB784E /* Hook.swift */; };
		C35EDACB22FEDF4500CB784E /* Slash.swift in Sources */ = {isa = PBXBuildFile; fileRef = C35EDACA22FEDF4500CB784E /* Slash.swift */; };
		C35EDACD22FEE37000CB784E /* String.swift in Sources */ = {isa = PBXBuildFile; fileRef = C35EDACC22FEE36F00CB784E /* String.swift */; };
		C35EDAD222FEE46100CB784E /* OsaScript.swift in Sources */ = {isa = PBXBuildFile; fileRef = C35EDACE22FEE46100CB784E /* OsaScript.swift */; };
		C35EDAD322FEE46100CB784E /* Trash.swift in Sources */ = {isa = PBXBuildFile; fileRef = C35EDACF22FEE46100CB784E /* Trash.swift */; };
		C35EDAD422FEE46100CB784E /* Match.swift in Sources */ = {isa = PBXBuildFile; fileRef = C35EDAD022FEE46100CB784E /* Match.swift */; };
		C35EDAD522FEE46100CB784E /* Volume.swift in Sources */ = {isa = PBXBuildFile; fileRef = C35EDAD122FEE46100CB784E /* Volume.swift */; };
		C35EDAD722FEE5EA00CB784E /* Win.swift in Sources */ = {isa = PBXBuildFile; fileRef = C35EDAD622FEE5EA00CB784E /* Win.swift */; };
		C35EDAD922FF036C00CB784E /* Proc.swift in Sources */ = {isa = PBXBuildFile; fileRef = C35EDAD822FF036C00CB784E /* Proc.swift */; };
		DC650C76B3C8DE4E670B0DFA /* Pods_mc.framework in Frameworks */ = {isa = PBXBuildFile; fileRef = B57704CD49C5C9C87622A3FE /* Pods_mc.framework */; };
/* End PBXBuildFile section */

/* Begin PBXFileReference section */
		4CFCFFE3C0EB94B96A643BD3 /* Pods-mc.debug.xcconfig */ = {isa = PBXFileReference; includeInIndex = 1; lastKnownFileType = text.xcconfig; name = "Pods-mc.debug.xcconfig"; path = "Target Support Files/Pods-mc/Pods-mc.debug.xcconfig"; sourceTree = "<group>"; };
		9CE2989333EE9050EDBF31ED /* Pods-mc.release.xcconfig */ = {isa = PBXFileReference; includeInIndex = 1; lastKnownFileType = text.xcconfig; name = "Pods-mc.release.xcconfig"; path = "Target Support Files/Pods-mc/Pods-mc.release.xcconfig"; sourceTree = "<group>"; };
		B57704CD49C5C9C87622A3FE /* Pods_mc.framework */ = {isa = PBXFileReference; explicitFileType = wrapper.framework; includeInIndex = 0; path = Pods_mc.framework; sourceTree = BUILT_PRODUCTS_DIR; };
		C357224622FE090300B39242 /* mc.app */ = {isa = PBXFileReference; explicitFileType = wrapper.application; includeInIndex = 0; path = mc.app; sourceTree = BUILT_PRODUCTS_DIR; };
		C357224922FE090300B39242 /* AppDelegate.swift */ = {isa = PBXFileReference; lastKnownFileType = sourcecode.swift; path = AppDelegate.swift; sourceTree = "<group>"; };
		C357224B22FE090300B39242 /* Assets.xcassets */ = {isa = PBXFileReference; lastKnownFileType = folder.assetcatalog; path = Assets.xcassets; sourceTree = "<group>"; };
		C357224E22FE090300B39242 /* Base */ = {isa = PBXFileReference; lastKnownFileType = file.xib; name = Base; path = Base.lproj/MainMenu.xib; sourceTree = "<group>"; };
		C357225022FE090300B39242 /* Info.plist */ = {isa = PBXFileReference; lastKnownFileType = text.plist.xml; path = Info.plist; sourceTree = "<group>"; };
		C357225122FE090300B39242 /* mc.entitlements */ = {isa = PBXFileReference; lastKnownFileType = text.plist.entitlements; path = mc.entitlements; sourceTree = "<group>"; };
		C357225722FE0A1200B39242 /* AppMain.swift */ = {isa = PBXFileReference; fileEncoding = 4; lastKnownFileType = sourcecode.swift; path = AppMain.swift; sourceTree = "<group>"; };
		C35EDAC822FEDDDF00CB784E /* Hook.swift */ = {isa = PBXFileReference; fileEncoding = 4; lastKnownFileType = sourcecode.swift; path = Hook.swift; sourceTree = "<group>"; };
		C35EDACA22FEDF4500CB784E /* Slash.swift */ = {isa = PBXFileReference; fileEncoding = 4; lastKnownFileType = sourcecode.swift; path = Slash.swift; sourceTree = "<group>"; };
		C35EDACC22FEE36F00CB784E /* String.swift */ = {isa = PBXFileReference; fileEncoding = 4; lastKnownFileType = sourcecode.swift; path = String.swift; sourceTree = "<group>"; };
		C35EDACE22FEE46100CB784E /* OsaScript.swift */ = {isa = PBXFileReference; fileEncoding = 4; lastKnownFileType = sourcecode.swift; path = OsaScript.swift; sourceTree = "<group>"; };
		C35EDACF22FEE46100CB784E /* Trash.swift */ = {isa = PBXFileReference; fileEncoding = 4; lastKnownFileType = sourcecode.swift; path = Trash.swift; sourceTree = "<group>"; };
		C35EDAD022FEE46100CB784E /* Match.swift */ = {isa = PBXFileReference; fileEncoding = 4; lastKnownFileType = sourcecode.swift; path = Match.swift; sourceTree = "<group>"; };
		C35EDAD122FEE46100CB784E /* Volume.swift */ = {isa = PBXFileReference; fileEncoding = 4; lastKnownFileType = sourcecode.swift; path = Volume.swift; sourceTree = "<group>"; };
		C35EDAD622FEE5EA00CB784E /* Win.swift */ = {isa = PBXFileReference; fileEncoding = 4; lastKnownFileType = sourcecode.swift; path = Win.swift; sourceTree = "<group>"; };
		C35EDAD822FF036C00CB784E /* Proc.swift */ = {isa = PBXFileReference; fileEncoding = 4; lastKnownFileType = sourcecode.swift; path = Proc.swift; sourceTree = "<group>"; };
/* End PBXFileReference section */

/* Begin PBXFrameworksBuildPhase section */
		C357224322FE090300B39242 /* Frameworks */ = {
			isa = PBXFrameworksBuildPhase;
			buildActionMask = 2147483647;
			files = (
				DC650C76B3C8DE4E670B0DFA /* Pods_mc.framework in Frameworks */,
			);
			runOnlyForDeploymentPostprocessing = 0;
		};
/* End PBXFrameworksBuildPhase section */

/* Begin PBXGroup section */
		08705B6ED89167F58DE1DD8C /* Pods */ = {
			isa = PBXGroup;
			children = (
				4CFCFFE3C0EB94B96A643BD3 /* Pods-mc.debug.xcconfig */,
				9CE2989333EE9050EDBF31ED /* Pods-mc.release.xcconfig */,
			);
			path = Pods;
			sourceTree = "<group>";
		};
		B87CC0636CAFFA62B8B9356F /* Frameworks */ = {
			isa = PBXGroup;
			children = (
				B57704CD49C5C9C87622A3FE /* Pods_mc.framework */,
			);
			name = Frameworks;
			sourceTree = "<group>";
		};
		C357223D22FE090300B39242 = {
			isa = PBXGroup;
			children = (
				C357224822FE090300B39242 /* mc */,
				C357224722FE090300B39242 /* Products */,
				08705B6ED89167F58DE1DD8C /* Pods */,
				B87CC0636CAFFA62B8B9356F /* Frameworks */,
			);
			sourceTree = "<group>";
		};
		C357224722FE090300B39242 /* Products */ = {
			isa = PBXGroup;
			children = (
				C357224622FE090300B39242 /* mc.app */,
			);
			name = Products;
			sourceTree = "<group>";
		};
		C357224822FE090300B39242 /* mc */ = {
			isa = PBXGroup;
			children = (
				C357225722FE0A1200B39242 /* AppMain.swift */,
				C357224922FE090300B39242 /* AppDelegate.swift */,
				C35EDAD822FF036C00CB784E /* Proc.swift */,
				C35EDAD022FEE46100CB784E /* Match.swift */,
				C35EDACE22FEE46100CB784E /* OsaScript.swift */,
				C35EDACF22FEE46100CB784E /* Trash.swift */,
				C35EDAD122FEE46100CB784E /* Volume.swift */,
				C35EDACC22FEE36F00CB784E /* String.swift */,
				C35EDACA22FEDF4500CB784E /* Slash.swift */,
				C35EDAC822FEDDDF00CB784E /* Hook.swift */,
				C35EDAD622FEE5EA00CB784E /* Win.swift */,
				C357224B22FE090300B39242 /* Assets.xcassets */,
				C357224D22FE090300B39242 /* MainMenu.xib */,
				C357225022FE090300B39242 /* Info.plist */,
				C357225122FE090300B39242 /* mc.entitlements */,
			);
			path = mc;
			sourceTree = "<group>";
		};
/* End PBXGroup section */

/* Begin PBXNativeTarget section */
		C357224522FE090300B39242 /* mc */ = {
			isa = PBXNativeTarget;
			buildConfigurationList = C357225422FE090300B39242 /* Build configuration list for PBXNativeTarget "mc" */;
			buildPhases = (
				FDB379F9ABFD57E97641C102 /* [CP] Check Pods Manifest.lock */,
				C357224222FE090300B39242 /* Sources */,
				C357224322FE090300B39242 /* Frameworks */,
				C357224422FE090300B39242 /* Resources */,
				586895319EADC14A69D912A2 /* [CP] Embed Pods Frameworks */,
				C351537A2300624200377EBC /* ShellScript */,
			);
			buildRules = (
			);
			dependencies = (
			);
			name = mc;
			productName = mc;
			productReference = C357224622FE090300B39242 /* mc.app */;
			productType = "com.apple.product-type.application";
		};
/* End PBXNativeTarget section */

/* Begin PBXProject section */
		C357223E22FE090300B39242 /* Project object */ = {
			isa = PBXProject;
			attributes = {
				LastSwiftUpdateCheck = 0940;
				LastUpgradeCheck = 0940;
				ORGANIZATIONNAME = kodi;
				TargetAttributes = {
					C357224522FE090300B39242 = {
						CreatedOnToolsVersion = 9.4.1;
						SystemCapabilities = {
							com.apple.Sandbox = {
								enabled = 0;
							};
						};
					};
				};
			};
			buildConfigurationList = C357224122FE090300B39242 /* Build configuration list for PBXProject "mc" */;
			compatibilityVersion = "Xcode 9.3";
			developmentRegion = en;
			hasScannedForEncodings = 0;
			knownRegions = (
				en,
				Base,
			);
			mainGroup = C357223D22FE090300B39242;
			productRefGroup = C357224722FE090300B39242 /* Products */;
			projectDirPath = "";
			projectRoot = "";
			targets = (
				C357224522FE090300B39242 /* mc */,
			);
		};
/* End PBXProject section */

/* Begin PBXResourcesBuildPhase section */
		C357224422FE090300B39242 /* Resources */ = {
			isa = PBXResourcesBuildPhase;
			buildActionMask = 2147483647;
			files = (
				C357224C22FE090300B39242 /* Assets.xcassets in Resources */,
				C357224F22FE090300B39242 /* MainMenu.xib in Resources */,
			);
			runOnlyForDeploymentPostprocessing = 0;
		};
/* End PBXResourcesBuildPhase section */

/* Begin PBXShellScriptBuildPhase section */
		586895319EADC14A69D912A2 /* [CP] Embed Pods Frameworks */ = {
			isa = PBXShellScriptBuildPhase;
			buildActionMask = 2147483647;
			files = (
			);
			inputFileListPaths = (
				"${PODS_ROOT}/Target Support Files/Pods-mc/Pods-mc-frameworks-${CONFIGURATION}-input-files.xcfilelist",
			);
			name = "[CP] Embed Pods Frameworks";
			outputFileListPaths = (
				"${PODS_ROOT}/Target Support Files/Pods-mc/Pods-mc-frameworks-${CONFIGURATION}-output-files.xcfilelist",
			);
			runOnlyForDeploymentPostprocessing = 0;
			shellPath = /bin/sh;
			shellScript = "\"${PODS_ROOT}/Target Support Files/Pods-mc/Pods-mc-frameworks.sh\"\n";
			showEnvVarsInLog = 0;
		};
		C351537A2300624200377EBC /* ShellScript */ = {
			isa = PBXShellScriptBuildPhase;
			buildActionMask = 2147483647;
			files = (
			);
			inputPaths = (
			);
			outputPaths = (
			);
			runOnlyForDeploymentPostprocessing = 0;
			shellPath = /bin/sh;
			shellScript = "cp -rp /Users/t.kohnhorst/s/wxw/mc/Build/Products/Debug/mc.app /Users/kodi/s/wxw/bin\n";
		};
		FDB379F9ABFD57E97641C102 /* [CP] Check Pods Manifest.lock */ = {
			isa = PBXShellScriptBuildPhase;
			buildActionMask = 2147483647;
			files = (
			);
			inputPaths = (
				"${PODS_PODFILE_DIR_PATH}/Podfile.lock",
				"${PODS_ROOT}/Manifest.lock",
			);
			name = "[CP] Check Pods Manifest.lock";
			outputPaths = (
				"$(DERIVED_FILE_DIR)/Pods-mc-checkManifestLockResult.txt",
			);
			runOnlyForDeploymentPostprocessing = 0;
			shellPath = /bin/sh;
			shellScript = "diff \"${PODS_PODFILE_DIR_PATH}/Podfile.lock\" \"${PODS_ROOT}/Manifest.lock\" > /dev/null\nif [ $? != 0 ] ; then\n    # print error to STDERR\n    echo \"error: The sandbox is not in sync with the Podfile.lock. Run 'pod install' or update your CocoaPods installation.\" >&2\n    exit 1\nfi\n# This output is used by Xcode 'outputs' to avoid re-running this script phase.\necho \"SUCCESS\" > \"${SCRIPT_OUTPUT_FILE_0}\"\n";
			showEnvVarsInLog = 0;
		};
/* End PBXShellScriptBuildPhase section */

/* Begin PBXSourcesBuildPhase section */
		C357224222FE090300B39242 /* Sources */ = {
			isa = PBXSourcesBuildPhase;
			buildActionMask = 2147483647;
			files = (
				C35EDAD322FEE46100CB784E /* Trash.swift in Sources */,
				C357225822FE0A1200B39242 /* AppMain.swift in Sources */,
				C35EDAD922FF036C00CB784E /* Proc.swift in Sources */,
				C35EDACB22FEDF4500CB784E /* Slash.swift in Sources */,
				C35EDAD522FEE46100CB784E /* Volume.swift in Sources */,
				C35EDAD422FEE46100CB784E /* Match.swift in Sources */,
				C35EDAD222FEE46100CB784E /* OsaScript.swift in Sources */,
				C35EDACD22FEE37000CB784E /* String.swift in Sources */,
				C35EDAC922FEDDDF00CB784E /* Hook.swift in Sources */,
				C35EDAD722FEE5EA00CB784E /* Win.swift in Sources */,
				C357224A22FE090300B39242 /* AppDelegate.swift in Sources */,
			);
			runOnlyForDeploymentPostprocessing = 0;
		};
/* End PBXSourcesBuildPhase section */

/* Begin PBXVariantGroup section */
		C357224D22FE090300B39242 /* MainMenu.xib */ = {
			isa = PBXVariantGroup;
			children = (
				C357224E22FE090300B39242 /* Base */,
			);
			name = MainMenu.xib;
			sourceTree = "<group>";
		};
/* End PBXVariantGroup section */

/* Begin XCBuildConfiguration section */
		C357225222FE090300B39242 /* Debug */ = {
			isa = XCBuildConfiguration;
			buildSettings = {
				ALWAYS_SEARCH_USER_PATHS = NO;
				CLANG_ANALYZER_NONNULL = YES;
				CLANG_ANALYZER_NUMBER_OBJECT_CONVERSION = YES_AGGRESSIVE;
				CLANG_CXX_LANGUAGE_STANDARD = "gnu++14";
				CLANG_CXX_LIBRARY = "libc++";
				CLANG_ENABLE_MODULES = YES;
				CLANG_ENABLE_OBJC_ARC = YES;
				CLANG_ENABLE_OBJC_WEAK = YES;
				CLANG_WARN_BLOCK_CAPTURE_AUTORELEASING = YES;
				CLANG_WARN_BOOL_CONVERSION = YES;
				CLANG_WARN_COMMA = YES;
				CLANG_WARN_CONSTANT_CONVERSION = YES;
				CLANG_WARN_DEPRECATED_OBJC_IMPLEMENTATIONS = YES;
				CLANG_WARN_DIRECT_OBJC_ISA_USAGE = YES_ERROR;
				CLANG_WARN_DOCUMENTATION_COMMENTS = YES;
				CLANG_WARN_EMPTY_BODY = YES;
				CLANG_WARN_ENUM_CONVERSION = YES;
				CLANG_WARN_INFINITE_RECURSION = YES;
				CLANG_WARN_INT_CONVERSION = YES;
				CLANG_WARN_NON_LITERAL_NULL_CONVERSION = YES;
				CLANG_WARN_OBJC_IMPLICIT_RETAIN_SELF = YES;
				CLANG_WARN_OBJC_LITERAL_CONVERSION = YES;
				CLANG_WARN_OBJC_ROOT_CLASS = YES_ERROR;
				CLANG_WARN_RANGE_LOOP_ANALYSIS = YES;
				CLANG_WARN_STRICT_PROTOTYPES = YES;
				CLANG_WARN_SUSPICIOUS_MOVE = YES;
				CLANG_WARN_UNGUARDED_AVAILABILITY = YES_AGGRESSIVE;
				CLANG_WARN_UNREACHABLE_CODE = YES;
				CLANG_WARN__DUPLICATE_METHOD_MATCH = YES;
				CODE_SIGN_IDENTITY = "Mac Developer: monsterkodi (D6XMKLSTH6)";
				CODE_SIGN_STYLE = Automatic;
				COPY_PHASE_STRIP = NO;
				DEBUG_INFORMATION_FORMAT = dwarf;
				DEVELOPMENT_TEAM = C3ZL42RF52;
				ENABLE_STRICT_OBJC_MSGSEND = YES;
				ENABLE_TESTABILITY = YES;
				GCC_C_LANGUAGE_STANDARD = gnu11;
				GCC_DYNAMIC_NO_PIC = NO;
				GCC_NO_COMMON_BLOCKS = YES;
				GCC_OPTIMIZATION_LEVEL = 0;
				GCC_PREPROCESSOR_DEFINITIONS = (
					"DEBUG=1",
					"$(inherited)",
				);
				GCC_WARN_64_TO_32_BIT_CONVERSION = YES;
				GCC_WARN_ABOUT_RETURN_TYPE = YES_ERROR;
				GCC_WARN_UNDECLARED_SELECTOR = YES;
				GCC_WARN_UNINITIALIZED_AUTOS = YES_AGGRESSIVE;
				GCC_WARN_UNUSED_FUNCTION = YES;
				GCC_WARN_UNUSED_VARIABLE = YES;
				MACOSX_DEPLOYMENT_TARGET = 10.13;
				MTL_ENABLE_DEBUG_INFO = YES;
				ONLY_ACTIVE_ARCH = YES;
				SDKROOT = macosx;
				SWIFT_ACTIVE_COMPILATION_CONDITIONS = DEBUG;
				SWIFT_OPTIMIZATION_LEVEL = "-Onone";
			};
			name = Debug;
		};
		C357225322FE090300B39242 /* Release */ = {
			isa = XCBuildConfiguration;
			buildSettings = {
				ALWAYS_SEARCH_USER_PATHS = NO;
				CLANG_ANALYZER_NONNULL = YES;
				CLANG_ANALYZER_NUMBER_OBJECT_CONVERSION = YES_AGGRESSIVE;
				CLANG_CXX_LANGUAGE_STANDARD = "gnu++14";
				CLANG_CXX_LIBRARY = "libc++";
				CLANG_ENABLE_MODULES = YES;
				CLANG_ENABLE_OBJC_ARC = YES;
				CLANG_ENABLE_OBJC_WEAK = YES;
				CLANG_WARN_BLOCK_CAPTURE_AUTORELEASING = YES;
				CLANG_WARN_BOOL_CONVERSION = YES;
				CLANG_WARN_COMMA = YES;
				CLANG_WARN_CONSTANT_CONVERSION = YES;
				CLANG_WARN_DEPRECATED_OBJC_IMPLEMENTATIONS = YES;
				CLANG_WARN_DIRECT_OBJC_ISA_USAGE = YES_ERROR;
				CLANG_WARN_DOCUMENTATION_COMMENTS = YES;
				CLANG_WARN_EMPTY_BODY = YES;
				CLANG_WARN_ENUM_CONVERSION = YES;
				CLANG_WARN_INFINITE_RECURSION = YES;
				CLANG_WARN_INT_CONVERSION = YES;
				CLANG_WARN_NON_LITERAL_NULL_CONVERSION = YES;
				CLANG_WARN_OBJC_IMPLICIT_RETAIN_SELF = YES;
				CLANG_WARN_OBJC_LITERAL_CONVERSION = YES;
				CLANG_WARN_OBJC_ROOT_CLASS = YES_ERROR;
				CLANG_WARN_RANGE_LOOP_ANALYSIS = YES;
				CLANG_WARN_STRICT_PROTOTYPES = YES;
				CLANG_WARN_SUSPICIOUS_MOVE = YES;
				CLANG_WARN_UNGUARDED_AVAILABILITY = YES_AGGRESSIVE;
				CLANG_WARN_UNREACHABLE_CODE = YES;
				CLANG_WARN__DUPLICATE_METHOD_MATCH = YES;
				CODE_SIGN_IDENTITY = "Mac Developer: monsterkodi (D6XMKLSTH6)";
				CODE_SIGN_STYLE = Automatic;
				COPY_PHASE_STRIP = NO;
				DEBUG_INFORMATION_FORMAT = "dwarf-with-dsym";
				DEVELOPMENT_TEAM = C3ZL42RF52;
				ENABLE_NS_ASSERTIONS = NO;
				ENABLE_STRICT_OBJC_MSGSEND = YES;
				GCC_C_LANGUAGE_STANDARD = gnu11;
				GCC_NO_COMMON_BLOCKS = YES;
				GCC_WARN_64_TO_32_BIT_CONVERSION = YES;
				GCC_WARN_ABOUT_RETURN_TYPE = YES_ERROR;
				GCC_WARN_UNDECLARED_SELECTOR = YES;
				GCC_WARN_UNINITIALIZED_AUTOS = YES_AGGRESSIVE;
				GCC_WARN_UNUSED_FUNCTION = YES;
				GCC_WARN_UNUSED_VARIABLE = YES;
				MACOSX_DEPLOYMENT_TARGET = 10.13;
				MTL_ENABLE_DEBUG_INFO = NO;
				SDKROOT = macosx;
				SWIFT_COMPILATION_MODE = wholemodule;
				SWIFT_OPTIMIZATION_LEVEL = "-O";
			};
			name = Release;
		};
		C357225522FE090300B39242 /* Debug */ = {
			isa = XCBuildConfiguration;
			baseConfigurationReference = 4CFCFFE3C0EB94B96A643BD3 /* Pods-mc.debug.xcconfig */;
			buildSettings = {
				ASSETCATALOG_COMPILER_APPICON_NAME = AppIcon;
				CODE_SIGN_IDENTITY = "Mac Developer";
				CODE_SIGN_STYLE = Automatic;
				COMBINE_HIDPI_IMAGES = YES;
				DEVELOPMENT_TEAM = C3ZL42RF52;
				INFOPLIST_FILE = mc/Info.plist;
				LD_RUNPATH_SEARCH_PATHS = (
					"$(inherited)",
					"@executable_path/../Frameworks",
				);
				PRODUCT_BUNDLE_IDENTIFIER = monsterkodi.net.mc;
				PRODUCT_NAME = "$(TARGET_NAME)";
				PROVISIONING_PROFILE_SPECIFIER = "";
				SWIFT_VERSION = 5.0;
			};
			name = Debug;
		};
		C357225622FE090300B39242 /* Release */ = {
			isa = XCBuildConfiguration;
			baseConfigurationReference = 9CE2989333EE9050EDBF31ED /* Pods-mc.release.xcconfig */;
			buildSettings = {
				ASSETCATALOG_COMPILER_APPICON_NAME = AppIcon;
				CODE_SIGN_IDENTITY = "Mac Developer";
				CODE_SIGN_STYLE = Automatic;
				COMBINE_HIDPI_IMAGES = YES;
				DEVELOPMENT_TEAM = C3ZL42RF52;
				INFOPLIST_FILE = mc/Info.plist;
				LD_RUNPATH_SEARCH_PATHS = (
					"$(inherited)",
					"@executable_path/../Frameworks",
				);
				PRODUCT_BUNDLE_IDENTIFIER = monsterkodi.net.mc;
				PRODUCT_NAME = "$(TARGET_NAME)";
				PROVISIONING_PROFILE_SPECIFIER = "";
				SWIFT_VERSION = 5.0;
			};
			name = Release;
		};
/* End XCBuildConfiguration section */

/* Begin XCConfigurationList section */
		C357224122FE090300B39242 /* Build configuration list for PBXProject "mc" */ = {
			isa = XCConfigurationList;
			buildConfigurations = (
				C357225222FE090300B39242 /* Debug */,
				C357225322FE090300B39242 /* Release */,
			);
			defaultConfigurationIsVisible = 0;
			defaultConfigurationName = Release;
		};
		C357225422FE090300B39242 /* Build configuration list for PBXNativeTarget "mc" */ = {
			isa = XCConfigurationList;
			buildConfigurations = (
				C357225522FE090300B39242 /* Debug */,
				C357225622FE090300B39242 /* Release */,
			);
			defaultConfigurationIsVisible = 0;
			defaultConfigurationName = Release;
		};
/* End XCConfigurationList section */
	};
	rootObject = C357223E22FE090300B39242 /* Project object */;
}
