// !$*UTF8*$!
{
	archiveVersion = 1;
	classes = {
	};
	objectVersion = 50;
	objects = {

/* Begin PBXBuildFile section */
		3544AE5E62CE742B1DBDCACD /* libPods-mc.a in Frameworks */ = {isa = PBXBuildFile; fileRef = 4671ACA2FDEE742D08C3EA8B /* libPods-mc.a */; };
		C31B9AFC22FA00B7008AE6C3 /* mc in CopyFiles */ = {isa = PBXBuildFile; fileRef = C3B2E69B22F9FDBD00583166 /* mc */; settings = {ATTRIBUTES = (CodeSignOnCopy, ); }; };
		C3B2E69F22F9FDBD00583166 /* main.swift in Sources */ = {isa = PBXBuildFile; fileRef = C3B2E69E22F9FDBD00583166 /* main.swift */; };
/* End PBXBuildFile section */

/* Begin PBXCopyFilesBuildPhase section */
		C31B9AFB22FA00B2008AE6C3 /* CopyFiles */ = {
			isa = PBXCopyFilesBuildPhase;
			buildActionMask = 2147483647;
			dstPath = /Users/kodi/s/wxw/bin;
			dstSubfolderSpec = 0;
			files = (
				C31B9AFC22FA00B7008AE6C3 /* mc in CopyFiles */,
			);
			runOnlyForDeploymentPostprocessing = 0;
		};
		C3B2E69922F9FDBD00583166 /* CopyFiles */ = {
			isa = PBXCopyFilesBuildPhase;
			buildActionMask = 2147483647;
			dstPath = /Users/kodi/s/wxw/bin;
			dstSubfolderSpec = 0;
			files = (
			);
			runOnlyForDeploymentPostprocessing = 1;
		};
/* End PBXCopyFilesBuildPhase section */

/* Begin PBXFileReference section */
		4671ACA2FDEE742D08C3EA8B /* libPods-mc.a */ = {isa = PBXFileReference; explicitFileType = archive.ar; includeInIndex = 0; path = "libPods-mc.a"; sourceTree = BUILT_PRODUCTS_DIR; };
		93E9D65E83C7F292583E2533 /* Pods-mc.release.xcconfig */ = {isa = PBXFileReference; includeInIndex = 1; lastKnownFileType = text.xcconfig; name = "Pods-mc.release.xcconfig"; path = "Target Support Files/Pods-mc/Pods-mc.release.xcconfig"; sourceTree = "<group>"; };
		BE0151C3BFA564752CEDD0DE /* Pods-mc.debug.xcconfig */ = {isa = PBXFileReference; includeInIndex = 1; lastKnownFileType = text.xcconfig; name = "Pods-mc.debug.xcconfig"; path = "Target Support Files/Pods-mc/Pods-mc.debug.xcconfig"; sourceTree = "<group>"; };
		C3B2E69B22F9FDBD00583166 /* mc */ = {isa = PBXFileReference; explicitFileType = "compiled.mach-o.executable"; includeInIndex = 0; path = mc; sourceTree = BUILT_PRODUCTS_DIR; };
		C3B2E69E22F9FDBD00583166 /* main.swift */ = {isa = PBXFileReference; lastKnownFileType = sourcecode.swift; path = main.swift; sourceTree = "<group>"; };
/* End PBXFileReference section */

/* Begin PBXFrameworksBuildPhase section */
		C3B2E69822F9FDBD00583166 /* Frameworks */ = {
			isa = PBXFrameworksBuildPhase;
			buildActionMask = 2147483647;
			files = (
				3544AE5E62CE742B1DBDCACD /* libPods-mc.a in Frameworks */,
			);
			runOnlyForDeploymentPostprocessing = 0;
		};
/* End PBXFrameworksBuildPhase section */

/* Begin PBXGroup section */
		C3B2E69222F9FDBD00583166 = {
			isa = PBXGroup;
			children = (
				C3B2E69D22F9FDBD00583166 /* mc */,
				C3B2E69C22F9FDBD00583166 /* Products */,
				EACB83F8C1BDB88450A5F725 /* Pods */,
				F463712BF5C4CACD0E1B7344 /* Frameworks */,
			);
			sourceTree = "<group>";
		};
		C3B2E69C22F9FDBD00583166 /* Products */ = {
			isa = PBXGroup;
			children = (
				C3B2E69B22F9FDBD00583166 /* mc */,
			);
			name = Products;
			sourceTree = "<group>";
		};
		C3B2E69D22F9FDBD00583166 /* mc */ = {
			isa = PBXGroup;
			children = (
				C3B2E69E22F9FDBD00583166 /* main.swift */,
			);
			path = mc;
			sourceTree = "<group>";
		};
		EACB83F8C1BDB88450A5F725 /* Pods */ = {
			isa = PBXGroup;
			children = (
				BE0151C3BFA564752CEDD0DE /* Pods-mc.debug.xcconfig */,
				93E9D65E83C7F292583E2533 /* Pods-mc.release.xcconfig */,
			);
			path = Pods;
			sourceTree = "<group>";
		};
		F463712BF5C4CACD0E1B7344 /* Frameworks */ = {
			isa = PBXGroup;
			children = (
				4671ACA2FDEE742D08C3EA8B /* libPods-mc.a */,
			);
			name = Frameworks;
			sourceTree = "<group>";
		};
/* End PBXGroup section */

/* Begin PBXNativeTarget section */
		C3B2E69A22F9FDBD00583166 /* mc */ = {
			isa = PBXNativeTarget;
			buildConfigurationList = C3B2E6A222F9FDBD00583166 /* Build configuration list for PBXNativeTarget "mc" */;
			buildPhases = (
				FC6918951A32DC47D3A359E1 /* [CP] Check Pods Manifest.lock */,
				C3B2E69722F9FDBD00583166 /* Sources */,
				C3B2E69822F9FDBD00583166 /* Frameworks */,
				C3B2E69922F9FDBD00583166 /* CopyFiles */,
				C31B9AFB22FA00B2008AE6C3 /* CopyFiles */,
			);
			buildRules = (
			);
			dependencies = (
			);
			name = mc;
			productName = mc;
			productReference = C3B2E69B22F9FDBD00583166 /* mc */;
			productType = "com.apple.product-type.tool";
		};
/* End PBXNativeTarget section */

/* Begin PBXProject section */
		C3B2E69322F9FDBD00583166 /* Project object */ = {
			isa = PBXProject;
			attributes = {
				LastSwiftUpdateCheck = 0940;
				LastUpgradeCheck = 0940;
				ORGANIZATIONNAME = kodi;
				TargetAttributes = {
					C3B2E69A22F9FDBD00583166 = {
						CreatedOnToolsVersion = 9.4.1;
					};
				};
			};
			buildConfigurationList = C3B2E69622F9FDBD00583166 /* Build configuration list for PBXProject "mc" */;
			compatibilityVersion = "Xcode 9.3";
			developmentRegion = en;
			hasScannedForEncodings = 0;
			knownRegions = (
				en,
			);
			mainGroup = C3B2E69222F9FDBD00583166;
			productRefGroup = C3B2E69C22F9FDBD00583166 /* Products */;
			projectDirPath = "";
			projectRoot = "";
			targets = (
				C3B2E69A22F9FDBD00583166 /* mc */,
			);
		};
/* End PBXProject section */

/* Begin PBXShellScriptBuildPhase section */
		FC6918951A32DC47D3A359E1 /* [CP] Check Pods Manifest.lock */ = {
			isa = PBXShellScriptBuildPhase;
			buildActionMask = 2147483647;
			files = (
			);
			inputPaths = (
				"${PODS_PODFILE_DIR_PATH}/Podfile.lock",
				"${PODS_ROOT}/Manifest.lock",
			);
			name = "[CP] Check Pods Manifest.lock";
			outputPaths = (
				"$(DERIVED_FILE_DIR)/Pods-mc-checkManifestLockResult.txt",
			);
			runOnlyForDeploymentPostprocessing = 0;
			shellPath = /bin/sh;
			shellScript = "diff \"${PODS_PODFILE_DIR_PATH}/Podfile.lock\" \"${PODS_ROOT}/Manifest.lock\" > /dev/null\nif [ $? != 0 ] ; then\n    # print error to STDERR\n    echo \"error: The sandbox is not in sync with the Podfile.lock. Run 'pod install' or update your CocoaPods installation.\" >&2\n    exit 1\nfi\n# This output is used by Xcode 'outputs' to avoid re-running this script phase.\necho \"SUCCESS\" > \"${SCRIPT_OUTPUT_FILE_0}\"\n";
			showEnvVarsInLog = 0;
		};
/* End PBXShellScriptBuildPhase section */

/* Begin PBXSourcesBuildPhase section */
		C3B2E69722F9FDBD00583166 /* Sources */ = {
			isa = PBXSourcesBuildPhase;
			buildActionMask = 2147483647;
			files = (
				C3B2E69F22F9FDBD00583166 /* main.swift in Sources */,
			);
			runOnlyForDeploymentPostprocessing = 0;
		};
/* End PBXSourcesBuildPhase section */

/* Begin XCBuildConfiguration section */
		C3B2E6A022F9FDBD00583166 /* Debug */ = {
			isa = XCBuildConfiguration;
			buildSettings = {
				ALWAYS_SEARCH_USER_PATHS = NO;
				CLANG_ANALYZER_NONNULL = YES;
				CLANG_ANALYZER_NUMBER_OBJECT_CONVERSION = YES_AGGRESSIVE;
				CLANG_CXX_LANGUAGE_STANDARD = "gnu++14";
				CLANG_CXX_LIBRARY = "libc++";
				CLANG_ENABLE_MODULES = YES;
				CLANG_ENABLE_OBJC_ARC = YES;
				CLANG_ENABLE_OBJC_WEAK = YES;
				CLANG_WARN_BLOCK_CAPTURE_AUTORELEASING = YES;
				CLANG_WARN_BOOL_CONVERSION = YES;
				CLANG_WARN_COMMA = YES;
				CLANG_WARN_CONSTANT_CONVERSION = YES;
				CLANG_WARN_DEPRECATED_OBJC_IMPLEMENTATIONS = YES;
				CLANG_WARN_DIRECT_OBJC_ISA_USAGE = YES_ERROR;
				CLANG_WARN_DOCUMENTATION_COMMENTS = YES;
				CLANG_WARN_EMPTY_BODY = YES;
				CLANG_WARN_ENUM_CONVERSION = YES;
				CLANG_WARN_INFINITE_RECURSION = YES;
				CLANG_WARN_INT_CONVERSION = YES;
				CLANG_WARN_NON_LITERAL_NULL_CONVERSION = YES;
				CLANG_WARN_OBJC_IMPLICIT_RETAIN_SELF = YES;
				CLANG_WARN_OBJC_LITERAL_CONVERSION = YES;
				CLANG_WARN_OBJC_ROOT_CLASS = YES_ERROR;
				CLANG_WARN_RANGE_LOOP_ANALYSIS = YES;
				CLANG_WARN_STRICT_PROTOTYPES = YES;
				CLANG_WARN_SUSPICIOUS_MOVE = YES;
				CLANG_WARN_UNGUARDED_AVAILABILITY = YES_AGGRESSIVE;
				CLANG_WARN_UNREACHABLE_CODE = YES;
				CLANG_WARN__DUPLICATE_METHOD_MATCH = YES;
				CODE_SIGN_IDENTITY = "-";
				COPY_PHASE_STRIP = NO;
				DEBUG_INFORMATION_FORMAT = dwarf;
				ENABLE_STRICT_OBJC_MSGSEND = YES;
				ENABLE_TESTABILITY = YES;
				GCC_C_LANGUAGE_STANDARD = gnu11;
				GCC_DYNAMIC_NO_PIC = NO;
				GCC_NO_COMMON_BLOCKS = YES;
				GCC_OPTIMIZATION_LEVEL = 0;
				GCC_PREPROCESSOR_DEFINITIONS = (
					"DEBUG=1",
					"$(inherited)",
				);
				GCC_WARN_64_TO_32_BIT_CONVERSION = YES;
				GCC_WARN_ABOUT_RETURN_TYPE = YES_ERROR;
				GCC_WARN_UNDECLARED_SELECTOR = YES;
				GCC_WARN_UNINITIALIZED_AUTOS = YES_AGGRESSIVE;
				GCC_WARN_UNUSED_FUNCTION = YES;
				GCC_WARN_UNUSED_VARIABLE = YES;
				MACOSX_DEPLOYMENT_TARGET = 10.13;
				MTL_ENABLE_DEBUG_INFO = YES;
				ONLY_ACTIVE_ARCH = YES;
				SDKROOT = macosx;
				SWIFT_ACTIVE_COMPILATION_CONDITIONS = DEBUG;
				SWIFT_OPTIMIZATION_LEVEL = "-Onone";
			};
			name = Debug;
		};
		C3B2E6A122F9FDBD00583166 /* Release */ = {
			isa = XCBuildConfiguration;
			buildSettings = {
				ALWAYS_SEARCH_USER_PATHS = NO;
				CLANG_ANALYZER_NONNULL = YES;
				CLANG_ANALYZER_NUMBER_OBJECT_CONVERSION = YES_AGGRESSIVE;
				CLANG_CXX_LANGUAGE_STANDARD = "gnu++14";
				CLANG_CXX_LIBRARY = "libc++";
				CLANG_ENABLE_MODULES = YES;
				CLANG_ENABLE_OBJC_ARC = YES;
				CLANG_ENABLE_OBJC_WEAK = YES;
				CLANG_WARN_BLOCK_CAPTURE_AUTORELEASING = YES;
				CLANG_WARN_BOOL_CONVERSION = YES;
				CLANG_WARN_COMMA = YES;
				CLANG_WARN_CONSTANT_CONVERSION = YES;
				CLANG_WARN_DEPRECATED_OBJC_IMPLEMENTATIONS = YES;
				CLANG_WARN_DIRECT_OBJC_ISA_USAGE = YES_ERROR;
				CLANG_WARN_DOCUMENTATION_COMMENTS = YES;
				CLANG_WARN_EMPTY_BODY = YES;
				CLANG_WARN_ENUM_CONVERSION = YES;
				CLANG_WARN_INFINITE_RECURSION = YES;
				CLANG_WARN_INT_CONVERSION = YES;
				CLANG_WARN_NON_LITERAL_NULL_CONVERSION = YES;
				CLANG_WARN_OBJC_IMPLICIT_RETAIN_SELF = YES;
				CLANG_WARN_OBJC_LITERAL_CONVERSION = YES;
				CLANG_WARN_OBJC_ROOT_CLASS = YES_ERROR;
				CLANG_WARN_RANGE_LOOP_ANALYSIS = YES;
				CLANG_WARN_STRICT_PROTOTYPES = YES;
				CLANG_WARN_SUSPICIOUS_MOVE = YES;
				CLANG_WARN_UNGUARDED_AVAILABILITY = YES_AGGRESSIVE;
				CLANG_WARN_UNREACHABLE_CODE = YES;
				CLANG_WARN__DUPLICATE_METHOD_MATCH = YES;
				CODE_SIGN_IDENTITY = "-";
				COPY_PHASE_STRIP = NO;
				DEBUG_INFORMATION_FORMAT = "dwarf-with-dsym";
				ENABLE_NS_ASSERTIONS = NO;
				ENABLE_STRICT_OBJC_MSGSEND = YES;
				GCC_C_LANGUAGE_STANDARD = gnu11;
				GCC_NO_COMMON_BLOCKS = YES;
				GCC_WARN_64_TO_32_BIT_CONVERSION = YES;
				GCC_WARN_ABOUT_RETURN_TYPE = YES_ERROR;
				GCC_WARN_UNDECLARED_SELECTOR = YES;
				GCC_WARN_UNINITIALIZED_AUTOS = YES_AGGRESSIVE;
				GCC_WARN_UNUSED_FUNCTION = YES;
				GCC_WARN_UNUSED_VARIABLE = YES;
				MACOSX_DEPLOYMENT_TARGET = 10.13;
				MTL_ENABLE_DEBUG_INFO = NO;
				SDKROOT = macosx;
				SWIFT_COMPILATION_MODE = wholemodule;
				SWIFT_OPTIMIZATION_LEVEL = "-O";
			};
			name = Release;
		};
		C3B2E6A322F9FDBD00583166 /* Debug */ = {
			isa = XCBuildConfiguration;
			baseConfigurationReference = BE0151C3BFA564752CEDD0DE /* Pods-mc.debug.xcconfig */;
			buildSettings = {
				CODE_SIGN_STYLE = Automatic;
				PRODUCT_NAME = "$(TARGET_NAME)";
				SWIFT_VERSION = 4.0;
			};
			name = Debug;
		};
		C3B2E6A422F9FDBD00583166 /* Release */ = {
			isa = XCBuildConfiguration;
			baseConfigurationReference = 93E9D65E83C7F292583E2533 /* Pods-mc.release.xcconfig */;
			buildSettings = {
				CODE_SIGN_STYLE = Automatic;
				PRODUCT_NAME = "$(TARGET_NAME)";
				SWIFT_VERSION = 4.0;
			};
			name = Release;
		};
/* End XCBuildConfiguration section */

/* Begin XCConfigurationList section */
		C3B2E69622F9FDBD00583166 /* Build configuration list for PBXProject "mc" */ = {
			isa = XCConfigurationList;
			buildConfigurations = (
				C3B2E6A022F9FDBD00583166 /* Debug */,
				C3B2E6A122F9FDBD00583166 /* Release */,
			);
			defaultConfigurationIsVisible = 0;
			defaultConfigurationName = Release;
		};
		C3B2E6A222F9FDBD00583166 /* Build configuration list for PBXNativeTarget "mc" */ = {
			isa = XCConfigurationList;
			buildConfigurations = (
				C3B2E6A322F9FDBD00583166 /* Debug */,
				C3B2E6A422F9FDBD00583166 /* Release */,
			);
			defaultConfigurationIsVisible = 0;
			defaultConfigurationName = Release;
		};
/* End XCConfigurationList section */
	};
	rootObject = C3B2E69322F9FDBD00583166 /* Project object */;
}
